
Microsoft Visual Studio Solution File, Format Version 12.00
# Visual Studio Version 17
VisualStudioVersion = 17.3.32804.467
MinimumVisualStudioVersion = 10.0.40219.1
Project("{FAE04EC0-301F-11D3-BF4B-00C04F79EFBC}") = "NLayer.Core", "NLayer.Core\NLayer.Core.csproj", "{802D74CC-DCE2-4E7B-AA5E-09ED4FF61660}"
EndProject
Project("{FAE04EC0-301F-11D3-BF4B-00C04F79EFBC}") = "NLayer.Repository", "NLayer.Repository\NLayer.Repository.csproj", "{F5076141-15DC-45A7-9FF8-B772F3EBC553}"
EndProject
Project("{FAE04EC0-301F-11D3-BF4B-00C04F79EFBC}") = "NLayer.Service", "NLayer.Service\NLayer.Service.csproj", "{9D26812C-5A92-4B00-ABD4-F795D0FF4C4F}"
EndProject
Project("{FAE04EC0-301F-11D3-BF4B-00C04F79EFBC}") = "NLayer.API", "NLayer.API\NLayer.API.csproj", "{5FED1C57-8C31-4618-A88E-9F8A937655AC}"
EndProject
Project("{FAE04EC0-301F-11D3-BF4B-00C04F79EFBC}") = "NLayer.Web", "NLayer.Web\NLayer.Web.csproj", "{55398FA8-1935-4CCB-A520-61B0094290C6}"
EndProject
Project("{FAE04EC0-301F-11D3-BF4B-00C04F79EFBC}") = "NLayer.Caching", "NLayer.Caching\NLayer.Caching.csproj", "{9264E80C-329C-426E-9930-92D188C64969}"
EndProject
Global
	GlobalSection(SolutionConfigurationPlatforms) = preSolution
		Debug|Any CPU = Debug|Any CPU
		Release|Any CPU = Release|Any CPU
	EndGlobalSection
	GlobalSection(ProjectConfigurationPlatforms) = postSolution
		{802D74CC-DCE2-4E7B-AA5E-09ED4FF61660}.Debug|Any CPU.ActiveCfg = Debug|Any CPU
		{802D74CC-DCE2-4E7B-AA5E-09ED4FF61660}.Debug|Any CPU.Build.0 = Debug|Any CPU
		{802D74CC-DCE2-4E7B-AA5E-09ED4FF61660}.Release|Any CPU.ActiveCfg = Release|Any CPU
		{802D74CC-DCE2-4E7B-AA5E-09ED4FF61660}.Release|Any CPU.Build.0 = Release|Any CPU
		{F5076141-15DC-45A7-9FF8-B772F3EBC553}.Debug|Any CPU.ActiveCfg = Debug|Any CPU
		{F5076141-15DC-45A7-9FF8-B772F3EBC553}.Debug|Any CPU.Build.0 = Debug|Any CPU
		{F5076141-15DC-45A7-9FF8-B772F3EBC553}.Release|Any CPU.ActiveCfg = Release|Any CPU
		{F5076141-15DC-45A7-9FF8-B772F3EBC553}.Release|Any CPU.Build.0 = Release|Any CPU
		{9D26812C-5A92-4B00-ABD4-F795D0FF4C4F}.Debug|Any CPU.ActiveCfg = Debug|Any CPU
		{9D26812C-5A92-4B00-ABD4-F795D0FF4C4F}.Debug|Any CPU.Build.0 = Debug|Any CPU
		{9D26812C-5A92-4B00-ABD4-F795D0FF4C4F}.Release|Any CPU.ActiveCfg = Release|Any CPU
		{9D26812C-5A92-4B00-ABD4-F795D0FF4C4F}.Release|Any CPU.Build.0 = Release|Any CPU
		{5FED1C57-8C31-4618-A88E-9F8A937655AC}.Debug|Any CPU.ActiveCfg = Debug|Any CPU
		{5FED1C57-8C31-4618-A88E-9F8A937655AC}.Debug|Any CPU.Build.0 = Debug|Any CPU
		{5FED1C57-8C31-4618-A88E-9F8A937655AC}.Release|Any CPU.ActiveCfg = Release|Any CPU
		{5FED1C57-8C31-4618-A88E-9F8A937655AC}.Release|Any CPU.Build.0 = Release|Any CPU
		{55398FA8-1935-4CCB-A520-61B0094290C6}.Debug|Any CPU.ActiveCfg = Debug|Any CPU
		{55398FA8-1935-4CCB-A520-61B0094290C6}.Debug|Any CPU.Build.0 = Debug|Any CPU
		{55398FA8-1935-4CCB-A520-61B0094290C6}.Release|Any CPU.ActiveCfg = Release|Any CPU
		{55398FA8-1935-4CCB-A520-61B0094290C6}.Release|Any CPU.Build.0 = Release|Any CPU
		{9264E80C-329C-426E-9930-92D188C64969}.Debug|Any CPU.ActiveCfg = Debug|Any CPU
		{9264E80C-329C-426E-9930-92D188C64969}.Debug|Any CPU.Build.0 = Debug|Any CPU
		{9264E80C-329C-426E-9930-92D188C64969}.Release|Any CPU.ActiveCfg = Release|Any CPU
		{9264E80C-329C-426E-9930-92D188C64969}.Release|Any CPU.Build.0 = Release|Any CPU
	EndGlobalSection
	GlobalSection(SolutionProperties) = preSolution
		HideSolutionNode = FALSE
	EndGlobalSection
	GlobalSection(ExtensibilityGlobals) = postSolution
		SolutionGuid = {31801555-986A-43CB-A0F6-E56EC7709F33}
	EndGlobalSection
EndGlobal
